<?xml version="1.0" encoding="UTF-8" standalone="yes" ?>
<CodeBlocks_project_file>
	<FileVersion major="1" minor="6" />
	<Project>
		<Option title="curses" />
		<Option pch_mode="2" />
		<Option compiler="gcc" />
		<Build>
			<Target title="Debug">
				<Option output="bin/Debug/curses" prefix_auto="1" extension_auto="1" />
				<Option object_output="obj/Debug/" />
				<Option type="1" />
				<Option compiler="gcc" />
				<Compiler>
					<Add option="-g" />
				</Compiler>
			</Target>
			<Target title="Release">
				<Option output="bin/Release/curses" prefix_auto="1" extension_auto="1" />
				<Option object_output="obj/Release/" />
				<Option type="1" />
				<Option compiler="gcc" />
				<Compiler>
					<Add option="-O2" />
				</Compiler>
				<Linker>
					<Add option="-s" />
				</Linker>
			</Target>
		</Build>
		<Compiler>
			<Add option="-Wall" />
			<Add option="-fexceptions" />
		</Compiler>
		<Unit filename="RSL.cpp" />
		<Unit filename="RSL.h" />
		<Unit filename="aStar.cpp" />
		<Unit filename="aStar.h" />
		<Unit filename="actor.cpp" />
		<Unit filename="actor.h" />
		<Unit filename="actorMenus.cpp" />
		<Unit filename="behaviorTree.h" />
		<Unit filename="binarySearchStack.h" />
		<Unit filename="bodyParts.cpp" />
		<Unit filename="bodyParts.h" />
		<Unit filename="building.cpp" />
		<Unit filename="building.h" />
		<Unit filename="drawGame.cpp" />
		<Unit filename="drawGame.h" />
		<Unit filename="generateCity.h" />
		<Unit filename="include/curses.h" />
		<Unit filename="include/dungeon.cpp" />
		<Unit filename="include/dungeon.h" />
		<Unit filename="include/panel.h" />
		<Unit filename="interactionsWithWorld.cpp" />
		<Unit filename="item.cpp" />
		<Unit filename="item.h" />
		<Unit filename="lib/pdcurses.lib" />
		<Unit filename="main.cpp" />
		<Unit filename="materials.h" />
		<Unit filename="menu.cpp" />
		<Unit filename="menu.h" />
		<Unit filename="node.h" />
		<Unit filename="noise/basictypes.h" />
		<Unit filename="noise/exception.h" />
		<Unit filename="noise/interp.h" />
		<Unit filename="noise/latlon.cpp" />
		<Unit filename="noise/latlon.h" />
		<Unit filename="noise/mathconsts.h" />
		<Unit filename="noise/misc.h" />
		<Unit filename="noise/model/cylinder.cpp" />
		<Unit filename="noise/model/cylinder.h" />
		<Unit filename="noise/model/line.cpp" />
		<Unit filename="noise/model/line.h" />
		<Unit filename="noise/model/model.h" />
		<Unit filename="noise/model/plane.cpp" />
		<Unit filename="noise/model/plane.h" />
		<Unit filename="noise/model/sphere.cpp" />
		<Unit filename="noise/model/sphere.h" />
		<Unit filename="noise/module/abs.cpp" />
		<Unit filename="noise/module/abs.h" />
		<Unit filename="noise/module/add.cpp" />
		<Unit filename="noise/module/add.h" />
		<Unit filename="noise/module/billow.cpp" />
		<Unit filename="noise/module/billow.h" />
		<Unit filename="noise/module/blend.cpp" />
		<Unit filename="noise/module/blend.h" />
		<Unit filename="noise/module/cache.cpp" />
		<Unit filename="noise/module/cache.h" />
		<Unit filename="noise/module/checkerboard.cpp" />
		<Unit filename="noise/module/checkerboard.h" />
		<Unit filename="noise/module/clamp.cpp" />
		<Unit filename="noise/module/clamp.h" />
		<Unit filename="noise/module/const.cpp" />
		<Unit filename="noise/module/const.h" />
		<Unit filename="noise/module/curve.cpp" />
		<Unit filename="noise/module/curve.h" />
		<Unit filename="noise/module/cylinders.cpp" />
		<Unit filename="noise/module/cylinders.h" />
		<Unit filename="noise/module/displace.cpp" />
		<Unit filename="noise/module/displace.h" />
		<Unit filename="noise/module/exponent.cpp" />
		<Unit filename="noise/module/exponent.h" />
		<Unit filename="noise/module/invert.cpp" />
		<Unit filename="noise/module/invert.h" />
		<Unit filename="noise/module/max.cpp" />
		<Unit filename="noise/module/max.h" />
		<Unit filename="noise/module/min.cpp" />
		<Unit filename="noise/module/min.h" />
		<Unit filename="noise/module/module.h" />
		<Unit filename="noise/module/modulebase.cpp" />
		<Unit filename="noise/module/modulebase.h" />
		<Unit filename="noise/module/multiply.cpp" />
		<Unit filename="noise/module/multiply.h" />
		<Unit filename="noise/module/perlin.cpp" />
		<Unit filename="noise/module/perlin.h" />
		<Unit filename="noise/module/power.cpp" />
		<Unit filename="noise/module/power.h" />
		<Unit filename="noise/module/ridgedmulti.cpp" />
		<Unit filename="noise/module/ridgedmulti.h" />
		<Unit filename="noise/module/rotatepoint.cpp" />
		<Unit filename="noise/module/rotatepoint.h" />
		<Unit filename="noise/module/scalebias.cpp" />
		<Unit filename="noise/module/scalebias.h" />
		<Unit filename="noise/module/scalepoint.cpp" />
		<Unit filename="noise/module/scalepoint.h" />
		<Unit filename="noise/module/select.cpp" />
		<Unit filename="noise/module/select.h" />
		<Unit filename="noise/module/spheres.cpp" />
		<Unit filename="noise/module/spheres.h" />
		<Unit filename="noise/module/terrace.cpp" />
		<Unit filename="noise/module/terrace.h" />
		<Unit filename="noise/module/translatepoint.cpp" />
		<Unit filename="noise/module/translatepoint.h" />
		<Unit filename="noise/module/turbulence.cpp" />
		<Unit filename="noise/module/turbulence.h" />
		<Unit filename="noise/module/voronoi.cpp" />
		<Unit filename="noise/module/voronoi.h" />
		<Unit filename="noise/noise.h" />
		<Unit filename="noise/noisegen.cpp" />
		<Unit filename="noise/noisegen.h" />
		<Unit filename="noise/vectortable.h" />
		<Unit filename="noiseutils.cpp" />
		<Unit filename="noiseutils.h" />
		<Unit filename="shadowcasting.cpp" />
		<Unit filename="shadowcasting.h" />
		<Unit filename="tile.cpp" />
		<Unit filename="tile.h" />
		<Unit filename="tiles.cpp" />
		<Unit filename="tiles.h" />
		<Unit filename="window.cpp" />
		<Unit filename="window.h" />
		<Extensions>
			<code_completion />
			<envvars />
			<debugger />
			<lib_finder disable_auto="1" />
			<DoxyBlocks>
				<comment_style block="0" line="0" />
				<doxyfile_project />
				<doxyfile_build />
				<doxyfile_warnings />
				<doxyfile_output />
				<doxyfile_dot />
				<general />
			</DoxyBlocks>
		</Extensions>
	</Project>
</CodeBlocks_project_file>
